
Microsoft Visual Studio Solution File, Format Version 12.00
# Visual Studio Version 17
VisualStudioVersion = 17.11.35222.181
MinimumVisualStudioVersion = 10.0.40219.1
Project("{FAE04EC0-301F-11D3-BF4B-00C04F79EFBC}") = "TalkingForms", "TalkingForms.csproj", "{0B0AA7C1-4C56-42B5-A0C6-1C1E8C79D3B1}"
EndProject
Global
	GlobalSection(SolutionConfigurationPlatforms) = preSolution
		Debug|Any CPU = Debug|Any CPU
		Release|Any CPU = Release|Any CPU
	EndGlobalSection
	GlobalSection(ProjectConfigurationPlatforms) = postSolution
		{0B0AA7C1-4C56-42B5-A0C6-1C1E8C79D3B1}.Debug|Any CPU.ActiveCfg = Debug|Any CPU
		{0B0AA7C1-4C56-42B5-A0C6-1C1E8C79D3B1}.Debug|Any CPU.Build.0 = Debug|Any CPU
		{0B0AA7C1-4C56-42B5-A0C6-1C1E8C79D3B1}.Release|Any CPU.ActiveCfg = Release|Any CPU
		{0B0AA7C1-4C56-42B5-A0C6-1C1E8C79D3B1}.Release|Any CPU.Build.0 = Release|Any CPU
	EndGlobalSection
	GlobalSection(SolutionProperties) = preSolution
		HideSolutionNode = FALSE
	EndGlobalSection
	GlobalSection(ExtensibilityGlobals) = postSolution
		SolutionGuid = {0F941901-D7FF-4D39-BE3C-EB0E84D89AB7}
	EndGlobalSection
EndGlobal
